
Microsoft Visual Studio Solution File, Format Version 12.00
# Visual Studio Version 17
VisualStudioVersion = 17.5.33627.172
MinimumVisualStudioVersion = 10.0.40219.1
Project("{9A19103F-16F7-4668-BE54-9A1E7A4F7556}") = "ParquetFilterer", "ParquetFilterer\ParquetFilterer.csproj", "{14D3CAE0-C683-4DDB-835A-6C58309DE0AB}"
EndProject
Global
	GlobalSection(SolutionConfigurationPlatforms) = preSolution
		Debug|Any CPU = Debug|Any CPU
		Debug|x64 = Debug|x64
		Release|Any CPU = Release|Any CPU
		Release|x64 = Release|x64
	EndGlobalSection
	GlobalSection(ProjectConfigurationPlatforms) = postSolution
		{14D3CAE0-C683-4DDB-835A-6C58309DE0AB}.Debug|Any CPU.ActiveCfg = Debug|Any CPU
		{14D3CAE0-C683-4DDB-835A-6C58309DE0AB}.Debug|Any CPU.Build.0 = Debug|Any CPU
		{14D3CAE0-C683-4DDB-835A-6C58309DE0AB}.Debug|x64.ActiveCfg = Debug|x64
		{14D3CAE0-C683-4DDB-835A-6C58309DE0AB}.Debug|x64.Build.0 = Debug|x64
		{14D3CAE0-C683-4DDB-835A-6C58309DE0AB}.Release|Any CPU.ActiveCfg = Release|Any CPU
		{14D3CAE0-C683-4DDB-835A-6C58309DE0AB}.Release|Any CPU.Build.0 = Release|Any CPU
		{14D3CAE0-C683-4DDB-835A-6C58309DE0AB}.Release|x64.ActiveCfg = Release|x64
		{14D3CAE0-C683-4DDB-835A-6C58309DE0AB}.Release|x64.Build.0 = Release|x64
	EndGlobalSection
	GlobalSection(SolutionProperties) = preSolution
		HideSolutionNode = FALSE
	EndGlobalSection
	GlobalSection(ExtensibilityGlobals) = postSolution
		SolutionGuid = {50D1F241-76BA-459A-BF97-AA03A722FEDF}
	EndGlobalSection
EndGlobal
